
Microsoft Visual Studio Solution File, Format Version 12.00
# Visual Studio Version 17
VisualStudioVersion = 17.6.33801.468
MinimumVisualStudioVersion = 10.0.40219.1
Project("{FAE04EC0-301F-11D3-BF4B-00C04F79EFBC}") = "Musiche", "Musiche.csproj", "{C6BBE41F-FA33-4BB7-83B5-6FFCE3D59590}"
EndProject
Global
	GlobalSection(SolutionConfigurationPlatforms) = preSolution
		Debug|Any CPU = Debug|Any CPU
		Release|Any CPU = Release|Any CPU
	EndGlobalSection
	GlobalSection(ProjectConfigurationPlatforms) = postSolution
		{C6BBE41F-FA33-4BB7-83B5-6FFCE3D59590}.Debug|Any CPU.ActiveCfg = Debug|Any CPU
		{C6BBE41F-FA33-4BB7-83B5-6FFCE3D59590}.Debug|Any CPU.Build.0 = Debug|Any CPU
		{C6BBE41F-FA33-4BB7-83B5-6FFCE3D59590}.Release|Any CPU.ActiveCfg = Release|Any CPU
		{C6BBE41F-FA33-4BB7-83B5-6FFCE3D59590}.Release|Any CPU.Build.0 = Release|Any CPU
	EndGlobalSection
	GlobalSection(SolutionProperties) = preSolution
		HideSolutionNode = FALSE
	EndGlobalSection
	GlobalSection(ExtensibilityGlobals) = postSolution
		SolutionGuid = {253C32D5-3DA2-4B52-9B63-CC3A5CF68EEF}
	EndGlobalSection
EndGlobal
